
Microsoft Visual Studio Solution File, Format Version 12.00
# Visual Studio 15
VisualStudioVersion = 15.0.27130.2010
MinimumVisualStudioVersion = 10.0.40219.1
Project("{FAE04EC0-301F-11D3-BF4B-00C04F79EFBC}") = "ComputerGraphicsLab2", "ComputerGraphicsLab2\ComputerGraphicsLab2.csproj", "{8C22CE52-2611-4978-9234-73974E6D9D9F}"
EndProject
Global
	GlobalSection(SolutionConfigurationPlatforms) = preSolution
		Debug|Any CPU = Debug|Any CPU
		Release|Any CPU = Release|Any CPU
	EndGlobalSection
	GlobalSection(ProjectConfigurationPlatforms) = postSolution
		{8C22CE52-2611-4978-9234-73974E6D9D9F}.Debug|Any CPU.ActiveCfg = Debug|Any CPU
		{8C22CE52-2611-4978-9234-73974E6D9D9F}.Debug|Any CPU.Build.0 = Debug|Any CPU
		{8C22CE52-2611-4978-9234-73974E6D9D9F}.Release|Any CPU.ActiveCfg = Release|Any CPU
		{8C22CE52-2611-4978-9234-73974E6D9D9F}.Release|Any CPU.Build.0 = Release|Any CPU
	EndGlobalSection
	GlobalSection(SolutionProperties) = preSolution
		HideSolutionNode = FALSE
	EndGlobalSection
	GlobalSection(ExtensibilityGlobals) = postSolution
		SolutionGuid = {76EADA1B-E644-4EEE-B2DB-D14F4E031226}
	EndGlobalSection
EndGlobal
